{
  "name": "server",
  "requires": true,
  "lockfileVersion": 1,
  "dependencies": {
    "ky": {
      "version": "1.2.1",
      "resolved": "https://registry.npmjs.org/ky/-/ky-1.2.1.tgz",
      "integrity": "sha512-7L6uTdeFQdmCmHCQ3I/K/bbU1OphhHkHgJcD8AJFiG70FOppdrnAnbZDcL1pxtW5mgieX/nQISEoDKxnJ5Ib2w=="
    }
  }
}
